
Microsoft Visual Studio Solution File, Format Version 12.00
# Visual Studio Version 17
VisualStudioVersion = 17.0.32014.148
MinimumVisualStudioVersion = 10.0.40219.1
Project("{9A19103F-16F7-4668-BE54-9A1E7A4F7556}") = "Business.Entities", "Business.Entities\Business.Entities.csproj", "{9E6F5C5B-E9D9-43CB-B021-01E6E4EA8127}"
EndProject
Project("{9A19103F-16F7-4668-BE54-9A1E7A4F7556}") = "Business.Logic", "Business.Logic\Business.Logic.csproj", "{05731481-6B04-4EB4-AF23-E5113873410A}"
EndProject
Project("{9A19103F-16F7-4668-BE54-9A1E7A4F7556}") = "Business.Data", "Business.Data\Business.Data.csproj", "{7DB6817E-280F-4640-B31E-5A5C997AEBE0}"
EndProject
Project("{9A19103F-16F7-4668-BE54-9A1E7A4F7556}") = "UI.Desktop", "UI.Desktop\UI.Desktop.csproj", "{BF9AFBE9-64BF-4B07-809A-F3981F03006D}"
EndProject
Project("{9A19103F-16F7-4668-BE54-9A1E7A4F7556}") = "Business.Util", "Business.Util\Business.Util.csproj", "{9AD80060-DB4C-4F4A-8D60-92FF67B66F37}"
EndProject
Project("{FAE04EC0-301F-11D3-BF4B-00C04F79EFBC}") = "UI.Web", "UI.Web\UI.Web.csproj", "{AE7CE80A-5810-4B4F-B549-D4C7326BC2C8}"
EndProject
Global
	GlobalSection(SolutionConfigurationPlatforms) = preSolution
		Debug|Any CPU = Debug|Any CPU
		Release|Any CPU = Release|Any CPU
	EndGlobalSection
	GlobalSection(ProjectConfigurationPlatforms) = postSolution
		{9E6F5C5B-E9D9-43CB-B021-01E6E4EA8127}.Debug|Any CPU.ActiveCfg = Debug|Any CPU
		{9E6F5C5B-E9D9-43CB-B021-01E6E4EA8127}.Debug|Any CPU.Build.0 = Debug|Any CPU
		{9E6F5C5B-E9D9-43CB-B021-01E6E4EA8127}.Release|Any CPU.ActiveCfg = Release|Any CPU
		{9E6F5C5B-E9D9-43CB-B021-01E6E4EA8127}.Release|Any CPU.Build.0 = Release|Any CPU
		{05731481-6B04-4EB4-AF23-E5113873410A}.Debug|Any CPU.ActiveCfg = Debug|Any CPU
		{05731481-6B04-4EB4-AF23-E5113873410A}.Debug|Any CPU.Build.0 = Debug|Any CPU
		{05731481-6B04-4EB4-AF23-E5113873410A}.Release|Any CPU.ActiveCfg = Release|Any CPU
		{05731481-6B04-4EB4-AF23-E5113873410A}.Release|Any CPU.Build.0 = Release|Any CPU
		{7DB6817E-280F-4640-B31E-5A5C997AEBE0}.Debug|Any CPU.ActiveCfg = Debug|Any CPU
		{7DB6817E-280F-4640-B31E-5A5C997AEBE0}.Debug|Any CPU.Build.0 = Debug|Any CPU
		{7DB6817E-280F-4640-B31E-5A5C997AEBE0}.Release|Any CPU.ActiveCfg = Release|Any CPU
		{7DB6817E-280F-4640-B31E-5A5C997AEBE0}.Release|Any CPU.Build.0 = Release|Any CPU
		{BF9AFBE9-64BF-4B07-809A-F3981F03006D}.Debug|Any CPU.ActiveCfg = Debug|Any CPU
		{BF9AFBE9-64BF-4B07-809A-F3981F03006D}.Debug|Any CPU.Build.0 = Debug|Any CPU
		{BF9AFBE9-64BF-4B07-809A-F3981F03006D}.Release|Any CPU.ActiveCfg = Release|Any CPU
		{BF9AFBE9-64BF-4B07-809A-F3981F03006D}.Release|Any CPU.Build.0 = Release|Any CPU
		{9AD80060-DB4C-4F4A-8D60-92FF67B66F37}.Debug|Any CPU.ActiveCfg = Debug|Any CPU
		{9AD80060-DB4C-4F4A-8D60-92FF67B66F37}.Debug|Any CPU.Build.0 = Debug|Any CPU
		{9AD80060-DB4C-4F4A-8D60-92FF67B66F37}.Release|Any CPU.ActiveCfg = Release|Any CPU
		{9AD80060-DB4C-4F4A-8D60-92FF67B66F37}.Release|Any CPU.Build.0 = Release|Any CPU
		{AE7CE80A-5810-4B4F-B549-D4C7326BC2C8}.Debug|Any CPU.ActiveCfg = Debug|Any CPU
		{AE7CE80A-5810-4B4F-B549-D4C7326BC2C8}.Debug|Any CPU.Build.0 = Debug|Any CPU
		{AE7CE80A-5810-4B4F-B549-D4C7326BC2C8}.Release|Any CPU.ActiveCfg = Release|Any CPU
		{AE7CE80A-5810-4B4F-B549-D4C7326BC2C8}.Release|Any CPU.Build.0 = Release|Any CPU
	EndGlobalSection
	GlobalSection(SolutionProperties) = preSolution
		HideSolutionNode = FALSE
	EndGlobalSection
	GlobalSection(ExtensibilityGlobals) = postSolution
		SolutionGuid = {A4C39283-51DC-40B0-B71E-6E9085C5A88F}
	EndGlobalSection
EndGlobal
